
Microsoft Visual Studio Solution File, Format Version 12.00
# Visual Studio Version 17
VisualStudioVersion = 17.3.32804.467
MinimumVisualStudioVersion = 10.0.40219.1
Project("{FAE04EC0-301F-11D3-BF4B-00C04F79EFBC}") = "Assignments", "Assignments.csproj", "{C8D6B609-ABBB-494D-A98D-56AFD0214EC3}"
	ProjectSection(ProjectDependencies) = postProject
		{1AB7C1E9-ACEA-49E8-94B1-878B95E21649} = {1AB7C1E9-ACEA-49E8-94B1-878B95E21649}
	EndProjectSection
EndProject
Project("{FAE04EC0-301F-11D3-BF4B-00C04F79EFBC}") = "ClassLibrary1", "..\ClassLibrary1\ClassLibrary1.csproj", "{1AB7C1E9-ACEA-49E8-94B1-878B95E21649}"
EndProject
Global
	GlobalSection(SolutionConfigurationPlatforms) = preSolution
		Debug|Any CPU = Debug|Any CPU
		Release|Any CPU = Release|Any CPU
	EndGlobalSection
	GlobalSection(ProjectConfigurationPlatforms) = postSolution
		{C8D6B609-ABBB-494D-A98D-56AFD0214EC3}.Debug|Any CPU.ActiveCfg = Debug|Any CPU
		{C8D6B609-ABBB-494D-A98D-56AFD0214EC3}.Debug|Any CPU.Build.0 = Debug|Any CPU
		{C8D6B609-ABBB-494D-A98D-56AFD0214EC3}.Release|Any CPU.ActiveCfg = Release|Any CPU
		{C8D6B609-ABBB-494D-A98D-56AFD0214EC3}.Release|Any CPU.Build.0 = Release|Any CPU
		{1AB7C1E9-ACEA-49E8-94B1-878B95E21649}.Debug|Any CPU.ActiveCfg = Debug|Any CPU
		{1AB7C1E9-ACEA-49E8-94B1-878B95E21649}.Debug|Any CPU.Build.0 = Debug|Any CPU
		{1AB7C1E9-ACEA-49E8-94B1-878B95E21649}.Release|Any CPU.ActiveCfg = Release|Any CPU
		{1AB7C1E9-ACEA-49E8-94B1-878B95E21649}.Release|Any CPU.Build.0 = Release|Any CPU
	EndGlobalSection
	GlobalSection(SolutionProperties) = preSolution
		HideSolutionNode = FALSE
	EndGlobalSection
	GlobalSection(ExtensibilityGlobals) = postSolution
		SolutionGuid = {CA7BF398-B770-480D-AE51-1E2F97E07494}
	EndGlobalSection
EndGlobal
