
Microsoft Visual Studio Solution File, Format Version 12.00
# Visual Studio Version 17
VisualStudioVersion = 17.3.32804.467
MinimumVisualStudioVersion = 10.0.40219.1
Project("{FAE04EC0-301F-11D3-BF4B-00C04F79EFBC}") = "P2", "P2.csproj", "{4E29F3ED-D300-4269-9398-35A893011A41}"
EndProject
Global
	GlobalSection(SolutionConfigurationPlatforms) = preSolution
		Debug|Any CPU = Debug|Any CPU
		Release|Any CPU = Release|Any CPU
	EndGlobalSection
	GlobalSection(ProjectConfigurationPlatforms) = postSolution
		{4E29F3ED-D300-4269-9398-35A893011A41}.Debug|Any CPU.ActiveCfg = Debug|Any CPU
		{4E29F3ED-D300-4269-9398-35A893011A41}.Debug|Any CPU.Build.0 = Debug|Any CPU
		{4E29F3ED-D300-4269-9398-35A893011A41}.Release|Any CPU.ActiveCfg = Release|Any CPU
		{4E29F3ED-D300-4269-9398-35A893011A41}.Release|Any CPU.Build.0 = Release|Any CPU
	EndGlobalSection
	GlobalSection(SolutionProperties) = preSolution
		HideSolutionNode = FALSE
	EndGlobalSection
	GlobalSection(ExtensibilityGlobals) = postSolution
		SolutionGuid = {E26751DF-FA19-4FF8-8AA6-EA5EC263A41A}
	EndGlobalSection
EndGlobal
