
Microsoft Visual Studio Solution File, Format Version 12.00
# Visual Studio Version 17
VisualStudioVersion = 17.3.32804.467
MinimumVisualStudioVersion = 10.0.40219.1
Project("{FAE04EC0-301F-11D3-BF4B-00C04F79EFBC}") = "Assignments", "Assignments.csproj", "{55B6ED71-9EE9-4085-A2E4-BD1A8FB07605}"
EndProject
Global
	GlobalSection(SolutionConfigurationPlatforms) = preSolution
		Debug|Any CPU = Debug|Any CPU
		Release|Any CPU = Release|Any CPU
	EndGlobalSection
	GlobalSection(ProjectConfigurationPlatforms) = postSolution
		{55B6ED71-9EE9-4085-A2E4-BD1A8FB07605}.Debug|Any CPU.ActiveCfg = Debug|Any CPU
		{55B6ED71-9EE9-4085-A2E4-BD1A8FB07605}.Debug|Any CPU.Build.0 = Debug|Any CPU
		{55B6ED71-9EE9-4085-A2E4-BD1A8FB07605}.Release|Any CPU.ActiveCfg = Release|Any CPU
		{55B6ED71-9EE9-4085-A2E4-BD1A8FB07605}.Release|Any CPU.Build.0 = Release|Any CPU
	EndGlobalSection
	GlobalSection(SolutionProperties) = preSolution
		HideSolutionNode = FALSE
	EndGlobalSection
	GlobalSection(ExtensibilityGlobals) = postSolution
		SolutionGuid = {999F9FC4-C5DA-437C-BD5C-82EA7593859C}
	EndGlobalSection
EndGlobal
