
Microsoft Visual Studio Solution File, Format Version 12.00
# Visual Studio Version 17
VisualStudioVersion = 17.3.32804.467
MinimumVisualStudioVersion = 10.0.40219.1
Project("{FAE04EC0-301F-11D3-BF4B-00C04F79EFBC}") = "Prob12", "Prob12.csproj", "{7731A75D-C6DF-4760-9761-1E2E563ADF81}"
EndProject
Global
	GlobalSection(SolutionConfigurationPlatforms) = preSolution
		Debug|Any CPU = Debug|Any CPU
		Release|Any CPU = Release|Any CPU
	EndGlobalSection
	GlobalSection(ProjectConfigurationPlatforms) = postSolution
		{7731A75D-C6DF-4760-9761-1E2E563ADF81}.Debug|Any CPU.ActiveCfg = Debug|Any CPU
		{7731A75D-C6DF-4760-9761-1E2E563ADF81}.Debug|Any CPU.Build.0 = Debug|Any CPU
		{7731A75D-C6DF-4760-9761-1E2E563ADF81}.Release|Any CPU.ActiveCfg = Release|Any CPU
		{7731A75D-C6DF-4760-9761-1E2E563ADF81}.Release|Any CPU.Build.0 = Release|Any CPU
	EndGlobalSection
	GlobalSection(SolutionProperties) = preSolution
		HideSolutionNode = FALSE
	EndGlobalSection
	GlobalSection(ExtensibilityGlobals) = postSolution
		SolutionGuid = {955E3413-8061-4898-862E-54F92342465D}
	EndGlobalSection
EndGlobal
