
Microsoft Visual Studio Solution File, Format Version 12.00
# Visual Studio Version 17
VisualStudioVersion = 17.3.32804.467
MinimumVisualStudioVersion = 10.0.40219.1
Project("{FAE04EC0-301F-11D3-BF4B-00C04F79EFBC}") = "Assignments", "Assignments.csproj", "{1F30869C-4E5F-4D3F-A2C5-19846AB76AB3}"
	ProjectSection(ProjectDependencies) = postProject
		{2F2D100D-EB7F-40A2-BE59-CFC49F1B24DB} = {2F2D100D-EB7F-40A2-BE59-CFC49F1B24DB}
	EndProjectSection
EndProject
Project("{FAE04EC0-301F-11D3-BF4B-00C04F79EFBC}") = "ClassLibrary1", "..\ClassLibrary1\ClassLibrary1.csproj", "{2F2D100D-EB7F-40A2-BE59-CFC49F1B24DB}"
EndProject
Global
	GlobalSection(SolutionConfigurationPlatforms) = preSolution
		Debug|Any CPU = Debug|Any CPU
		Release|Any CPU = Release|Any CPU
	EndGlobalSection
	GlobalSection(ProjectConfigurationPlatforms) = postSolution
		{1F30869C-4E5F-4D3F-A2C5-19846AB76AB3}.Debug|Any CPU.ActiveCfg = Debug|Any CPU
		{1F30869C-4E5F-4D3F-A2C5-19846AB76AB3}.Debug|Any CPU.Build.0 = Debug|Any CPU
		{1F30869C-4E5F-4D3F-A2C5-19846AB76AB3}.Release|Any CPU.ActiveCfg = Release|Any CPU
		{1F30869C-4E5F-4D3F-A2C5-19846AB76AB3}.Release|Any CPU.Build.0 = Release|Any CPU
		{2F2D100D-EB7F-40A2-BE59-CFC49F1B24DB}.Debug|Any CPU.ActiveCfg = Debug|Any CPU
		{2F2D100D-EB7F-40A2-BE59-CFC49F1B24DB}.Debug|Any CPU.Build.0 = Debug|Any CPU
		{2F2D100D-EB7F-40A2-BE59-CFC49F1B24DB}.Release|Any CPU.ActiveCfg = Release|Any CPU
		{2F2D100D-EB7F-40A2-BE59-CFC49F1B24DB}.Release|Any CPU.Build.0 = Release|Any CPU
	EndGlobalSection
	GlobalSection(SolutionProperties) = preSolution
		HideSolutionNode = FALSE
	EndGlobalSection
	GlobalSection(ExtensibilityGlobals) = postSolution
		SolutionGuid = {43296096-2475-48C9-8FD2-9CF6639F1658}
	EndGlobalSection
EndGlobal
