
Microsoft Visual Studio Solution File, Format Version 12.00
# Visual Studio Version 17
VisualStudioVersion = 17.3.32804.467
MinimumVisualStudioVersion = 10.0.40219.1
Project("{FAE04EC0-301F-11D3-BF4B-00C04F79EFBC}") = "Assignments", "Assignments.csproj", "{C94CAE3C-DD42-4155-9E24-AE41C5D78368}"
EndProject
Project("{FAE04EC0-301F-11D3-BF4B-00C04F79EFBC}") = "ClassLibrary1", "..\ClassLibrary1\ClassLibrary1.csproj", "{6B3C463D-F41F-40C4-9E15-ECD966D17EFF}"
EndProject
Global
	GlobalSection(SolutionConfigurationPlatforms) = preSolution
		Debug|Any CPU = Debug|Any CPU
		Release|Any CPU = Release|Any CPU
	EndGlobalSection
	GlobalSection(ProjectConfigurationPlatforms) = postSolution
		{C94CAE3C-DD42-4155-9E24-AE41C5D78368}.Debug|Any CPU.ActiveCfg = Debug|Any CPU
		{C94CAE3C-DD42-4155-9E24-AE41C5D78368}.Debug|Any CPU.Build.0 = Debug|Any CPU
		{C94CAE3C-DD42-4155-9E24-AE41C5D78368}.Release|Any CPU.ActiveCfg = Release|Any CPU
		{C94CAE3C-DD42-4155-9E24-AE41C5D78368}.Release|Any CPU.Build.0 = Release|Any CPU
		{6B3C463D-F41F-40C4-9E15-ECD966D17EFF}.Debug|Any CPU.ActiveCfg = Debug|Any CPU
		{6B3C463D-F41F-40C4-9E15-ECD966D17EFF}.Debug|Any CPU.Build.0 = Debug|Any CPU
		{6B3C463D-F41F-40C4-9E15-ECD966D17EFF}.Release|Any CPU.ActiveCfg = Release|Any CPU
		{6B3C463D-F41F-40C4-9E15-ECD966D17EFF}.Release|Any CPU.Build.0 = Release|Any CPU
	EndGlobalSection
	GlobalSection(SolutionProperties) = preSolution
		HideSolutionNode = FALSE
	EndGlobalSection
	GlobalSection(ExtensibilityGlobals) = postSolution
		SolutionGuid = {571A374C-4490-438E-8888-E95D0787AC39}
	EndGlobalSection
EndGlobal
